
Microsoft Visual Studio Solution File, Format Version 12.00
# Visual Studio 14
VisualStudioVersion = 14.0.24720.0
MinimumVisualStudioVersion = 10.0.40219.1
Project("{FAE04EC0-301F-11D3-BF4B-00C04F79EFBC}") = "PrettyConsoleUtils", "PrettyConsoleUtils\PrettyConsoleUtils.csproj", "{5981A114-2228-42E3-BC1D-EDBCD56CF731}"
EndProject
Project("{2150E333-8FDC-42A3-9474-1A3956D46DE8}") = "Examples", "Examples", "{130427B0-E5A4-4C29-BF3F-8F47BF2ED468}"
EndProject
Project("{FAE04EC0-301F-11D3-BF4B-00C04F79EFBC}") = "PrettyConsoleUtils.Examples.ObjectBinding", "PrettyConsoleUtils.Examples.ObjectBinding\PrettyConsoleUtils.Examples.ObjectBinding.csproj", "{4330CCEC-3D58-4138-901B-C1C6BEF06C2D}"
EndProject
Project("{FAE04EC0-301F-11D3-BF4B-00C04F79EFBC}") = "PrettyConsoleUtils.Examples.TypeBinding", "PrettyConsoleUtils.Examples.TypeBinding\PrettyConsoleUtils.Examples.TypeBinding.csproj", "{49FC0925-55D4-4A3A-A4D7-A644D9D17B9D}"
EndProject
Global
	GlobalSection(SolutionConfigurationPlatforms) = preSolution
		Debug|Any CPU = Debug|Any CPU
		Release|Any CPU = Release|Any CPU
	EndGlobalSection
	GlobalSection(ProjectConfigurationPlatforms) = postSolution
		{5981A114-2228-42E3-BC1D-EDBCD56CF731}.Debug|Any CPU.ActiveCfg = Debug|Any CPU
		{5981A114-2228-42E3-BC1D-EDBCD56CF731}.Debug|Any CPU.Build.0 = Debug|Any CPU
		{5981A114-2228-42E3-BC1D-EDBCD56CF731}.Release|Any CPU.ActiveCfg = Release|Any CPU
		{5981A114-2228-42E3-BC1D-EDBCD56CF731}.Release|Any CPU.Build.0 = Release|Any CPU
		{4330CCEC-3D58-4138-901B-C1C6BEF06C2D}.Debug|Any CPU.ActiveCfg = Debug|Any CPU
		{4330CCEC-3D58-4138-901B-C1C6BEF06C2D}.Debug|Any CPU.Build.0 = Debug|Any CPU
		{4330CCEC-3D58-4138-901B-C1C6BEF06C2D}.Release|Any CPU.ActiveCfg = Release|Any CPU
		{4330CCEC-3D58-4138-901B-C1C6BEF06C2D}.Release|Any CPU.Build.0 = Release|Any CPU
		{49FC0925-55D4-4A3A-A4D7-A644D9D17B9D}.Debug|Any CPU.ActiveCfg = Debug|Any CPU
		{49FC0925-55D4-4A3A-A4D7-A644D9D17B9D}.Debug|Any CPU.Build.0 = Debug|Any CPU
		{49FC0925-55D4-4A3A-A4D7-A644D9D17B9D}.Release|Any CPU.ActiveCfg = Release|Any CPU
		{49FC0925-55D4-4A3A-A4D7-A644D9D17B9D}.Release|Any CPU.Build.0 = Release|Any CPU
	EndGlobalSection
	GlobalSection(SolutionProperties) = preSolution
		HideSolutionNode = FALSE
	EndGlobalSection
	GlobalSection(NestedProjects) = preSolution
		{4330CCEC-3D58-4138-901B-C1C6BEF06C2D} = {130427B0-E5A4-4C29-BF3F-8F47BF2ED468}
		{49FC0925-55D4-4A3A-A4D7-A644D9D17B9D} = {130427B0-E5A4-4C29-BF3F-8F47BF2ED468}
	EndGlobalSection
EndGlobal
